{
  "name": "blacksmith-organization-system",
  "version": "0.4.2",
  "lockfileVersion": 3,
  "requires": true,
  "packages": {
    "": {
      "name": "blacksmith-organization-system",
      "version": "0.4.2",
      "license": "MIT",
      "dependencies": {
        "carnival-toolbox": "^1.2.4"
      },
      "devDependencies": {}
    },
    "node_modules/carnival-toolbox": {
      "version": "1.5.6",
      "resolved": "https://registry.npmjs.org/carnival-toolbox/-/carnival-toolbox-1.5.6.tgz",
      "integrity": "sha512-MO2wjPKdPhjr4mCqK/+Wu2mgJe7Mlbdusr4l/s8XOkc3MjC9s8oxEYx61LSWsbkKR1kQZjAwljuZcylFb0yXdg=="
    }
  }
}
