{
  "name": "blacksmith-organization-system",
  "version": "0.2.0",
  "lockfileVersion": 3,
  "requires": true,
  "packages": {
    "": {
      "name": "blacksmith-organization-system",
      "version": "0.2.0",
      "license": "MIT",
      "dependencies": {
        "carnival-toolbox": "^1.2.4"
      }
    },
    "node_modules/carnival-toolbox": {
      "version": "1.2.4",
      "resolved": "https://registry.npmjs.org/carnival-toolbox/-/carnival-toolbox-1.2.4.tgz",
      "integrity": "sha512-gknGWRri7TYBzayq6TM5RowBk513MRRnlSKjqa8PVV8kogC5FxvP8vuWUCGllT/5RRO0nbY0BJinCmwEkjYGSw=="
    }
  }
}
