{
  "name": "blacksmith-organization-system",
  "version": "0.2.0",
  "lockfileVersion": 3,
  "requires": true,
  "packages": {
    "": {
      "name": "blacksmith-organization-system",
      "version": "0.2.0",
      "license": "MIT",
      "dependencies": {
        "carnival-toolbox": "^1.2.4"
      }
    },
    "node_modules/carnival-toolbox": {
      "version": "1.3.1",
      "resolved": "https://registry.npmjs.org/carnival-toolbox/-/carnival-toolbox-1.3.1.tgz",
      "integrity": "sha512-WUlLoDX242hxJEgTjWB2hrBXQSNz8NNhyK6jdltJt2vjl+bdK0zAx/3gntMW4pLXLQyMoSSPcy91W4vGMklgHg=="
    }
  }
}
